
Microsoft Visual Studio Solution File, Format Version 12.00
# Visual Studio 15
VisualStudioVersion = 15.0.26430.6
MinimumVisualStudioVersion = 10.0.40219.1
Project("{FAE04EC0-301F-11D3-BF4B-00C04F79EFBC}") = "iTOS3D", "iTOS3D\iTOS3D.csproj", "{048E7606-5111-44D6-AF9F-5AA31F7C756E}"
EndProject
Project("{FAE04EC0-301F-11D3-BF4B-00C04F79EFBC}") = "iTOSeunm", "iTOSeunm\iTOSeunm.csproj", "{BB564B47-34EB-4A6A-93AA-3502FC682DA7}"
EndProject
Global
	GlobalSection(SolutionConfigurationPlatforms) = preSolution
		Debug|Any CPU = Debug|Any CPU
		Release|Any CPU = Release|Any CPU
	EndGlobalSection
	GlobalSection(ProjectConfigurationPlatforms) = postSolution
		{048E7606-5111-44D6-AF9F-5AA31F7C756E}.Debug|Any CPU.ActiveCfg = Debug|Any CPU
		{048E7606-5111-44D6-AF9F-5AA31F7C756E}.Debug|Any CPU.Build.0 = Debug|Any CPU
		{048E7606-5111-44D6-AF9F-5AA31F7C756E}.Release|Any CPU.ActiveCfg = Release|Any CPU
		{048E7606-5111-44D6-AF9F-5AA31F7C756E}.Release|Any CPU.Build.0 = Release|Any CPU
		{BB564B47-34EB-4A6A-93AA-3502FC682DA7}.Debug|Any CPU.ActiveCfg = Debug|Any CPU
		{BB564B47-34EB-4A6A-93AA-3502FC682DA7}.Debug|Any CPU.Build.0 = Debug|Any CPU
		{BB564B47-34EB-4A6A-93AA-3502FC682DA7}.Release|Any CPU.ActiveCfg = Release|Any CPU
		{BB564B47-34EB-4A6A-93AA-3502FC682DA7}.Release|Any CPU.Build.0 = Release|Any CPU
	EndGlobalSection
	GlobalSection(SolutionProperties) = preSolution
		HideSolutionNode = FALSE
	EndGlobalSection
EndGlobal
